<Solution>
  <Project Path="Unity.Timeline.csproj" />
  <Project Path="Game.Module.csproj" />
  <Project Path="HybridCLR.Editor.csproj" />
  <Project Path="Unity.RenderPipelines.GPUDriven.Runtime.csproj" />
  <Project Path="Game.Runtime.csproj" />
  <Project Path="Unity.ShaderGraph.Editor.csproj" />
  <Project Path="Unity.RenderPipelines.Core.Runtime.csproj" />
  <Project Path="Unity.CommandStateObserver.csproj" />
  <Project Path="Unity.GraphToolkit.UnityRestricted.csproj" />
  <Project Path="Unity.Mathematics.csproj" />
  <Project Path="Unity.Timeline.Editor.csproj" />
  <Project Path="Unity.GraphToolkit.Internal.Editor.csproj" />
  <Project Path="Unity.RenderPipelines.Core.Editor.csproj" />
  <Project Path="Unity.Collections.csproj" />
  <Project Path="UnityEngine.UI.csproj" />
  <Project Path="Unity.RenderPipelines.Universal.2D.Runtime.csproj" />
  <Project Path="Unity.RenderPipelines.Universal.Editor.csproj" />
  <Project Path="Unity.PerformanceTesting.Editor.csproj" />
  <Project Path="UnityEngine.TestRunner.csproj" />
  <Project Path="Unity.Burst.csproj" />
  <Project Path="LitMotion.csproj" />
  <Project Path="Unity.Animation.Rigging.csproj" />
  <Project Path="Assembly-CSharp.csproj" />
  <Project Path="Unity.VisualStudio.Editor.csproj" />
  <Project Path="com.IvanMurzak.Unity.MCP.Editor.csproj" />
  <Project Path="Unity.InputSystem.csproj" />
  <Project Path="Unity.Animation.Rigging.Editor.csproj" />
  <Project Path="Unity.MemoryProfiler.Editor.csproj" />
  <Project Path="PPv2URPConverters.csproj" />
  <Project Path="AYellowpaper.SerializedCollections.csproj" />
  <Project Path="com.IvanMurzak.Unity.MCP.Runtime.csproj" />
  <Project Path="UniTask.csproj" />
  <Project Path="Unity.Searcher.Editor.csproj" />
  <Project Path="UnityEditor.TestRunner.csproj" />
  <Project Path="Unity.RenderPipelines.Universal.Runtime.csproj" />
  <Project Path="Animancer.csproj" />
  <Project Path="UTF8Json.csproj" />
  <Project Path="Unity.UnifiedRayTracing.Runtime.csproj" />
  <Project Path="Unity.GraphToolsAuthoringFramework.InternalEditorBridge.csproj" />
  <Project Path="Unity.AI.Navigation.Editor.ConversionSystem.csproj" />
  <Project Path="Unity.Burst.CodeGen.csproj" />
  <Project Path="IngameDebugConsole.Runtime.csproj" />
  <Project Path="com.IvanMurzak.Unity.MCP.Installer.csproj" />
  <Project Path="Unity.PerformanceTesting.csproj" />
  <Project Path="LitMotion.Extensions.csproj" />
  <Project Path="Unity.TextMeshPro.csproj" />
  <Project Path="UniTask.Linq.csproj" />
  <Project Path="Unity.TextMeshPro.Editor.csproj" />
  <Project Path="com.IvanMurzak.Unity.MCP.Editor.Tests.csproj" />
  <Project Path="Unity.Burst.Editor.csproj" />
  <Project Path="Extensions.Unity.PlayerPrefsEx.csproj" />
  <Project Path="Unity.AI.Navigation.Updater.csproj" />
  <Project Path="Unity.GraphToolkit.Utility.Editor.csproj" />
  <Project Path="UnityEditor.UI.csproj" />
  <Project Path="Unity.GraphToolsAuthoringFramework.InternalBridge.csproj" />
  <Project Path="Unity.RenderPipelines.Universal.2D.Editor.Overrides.csproj" />
  <Project Path="Unity.GraphToolkit.Editor.csproj" />
  <Project Path="LitMotion.Animation.csproj" />
  <Project Path="Unity.AI.Navigation.Editor.csproj" />
  <Project Path="Unity.MemoryProfiler.Editor.MemoryProfilerModule.csproj" />
  <Project Path="Unity.InputSystem.ForUI.csproj" />
  <Project Path="AYellowpaper.SerializedCollections.Editor.csproj" />
  <Project Path="Unity.AI.Navigation.csproj" />
  <Project Path="Unity.Collections.CodeGen.csproj" />
  <Project Path="Game.BT.Editor.csproj" />
  <Project Path="Game.Projectile.Core.csproj" />
  <Project Path="Unity.Mathematics.Editor.csproj" />
  <Project Path="UniTask.TextMeshPro.csproj" />
  <Project Path="Unity.InputSystem.TestFramework.csproj" />
  <Project Path="Unity.ShaderGraph.Utilities.csproj" />
  <Project Path="Unity.Profiling.Core.csproj" />
  <Project Path="LitMotion.Editor.csproj" />
  <Project Path="com.IvanMurzak.Unity.MCP.TestFiles.csproj" />
  <Project Path="Unity.EditorCoroutines.Editor.csproj" />
  <Project Path="LitMotion.Animation.Editor.csproj" />
  <Project Path="Assembly-CSharp-firstpass.csproj" />
  <Project Path="Unity.GraphToolkit.Common.Editor.csproj" />
  <Project Path="Unity.RenderPipeline.Universal.ShaderLibrary.csproj" />
  <Project Path="HybridCLR.Runtime.csproj" />
  <Project Path="Assembly-CSharp-Editor.csproj" />
  <Project Path="Extensions.Unity.PlayerPrefsEx.Tests.Editor.csproj" />
  <Project Path="UniTask.Editor.csproj" />
  <Project Path="Microsoft.CodeAnalysis.Analyzers_Unity.csproj" />
  <Project Path="Unity.Animation.Rigging.DocCodeExamples.csproj" />
  <Project Path="AOT.csproj" />
  <Project Path="com.IvanMurzak.Unity.MCP.Tests.csproj" />
  <Project Path="Unity.InputSystem.DocCodeSamples.csproj" />
  <Project Path="Sirenix.OdinInspector.Modules.UnityMathematics.csproj" />
  <Project Path="Unity.RenderPipelines.Universal.Shaders.csproj" />
  <Project Path="Unity.RenderPipelines.Core.Runtime.Shared.csproj" />
  <Project Path="Unity.InternalAPIEngineBridge.004.csproj" />
  <Project Path="Unity.RenderPipelines.Core.Editor.Shared.csproj" />
  <Project Path="Unity.MemoryProfiler.csproj" />
  <Project Path="IngameDebugConsole.Editor.csproj" />
  <Project Path="com.IvanMurzak.Unity.MCP.Installer.Tests.csproj" />
  <Project Path="UniTask.Addressables.csproj" />
  <Project Path="Unity.Rendering.LightTransport.Editor.csproj" />
  <Project Path="Unity.Collections.Editor.csproj" />
  <Project Path="UniTask.DOTween.csproj" />
  <Project Path="Unity.RenderPipelines.Universal.Config.Runtime.csproj" />
  <Project Path="Unity.RenderPipelines.ShaderGraph.ShaderGraphLibrary.csproj" />
  <Project Path="Unity.RenderPipelines.Core.ShaderLibrary.csproj" />
</Solution>
